// !$*UTF8*$!
{
	archiveVersion = 1;
	classes = {
	};
	objectVersion = 55;
	objects = {

/* Begin PBXBuildFile section */
		792454C227FFDBC0001B4308 /* SwiftUITutorialApp.swift in Sources */ = {isa = PBXBuildFile; fileRef = 792454C127FFDBC0001B4308 /* SwiftUITutorialApp.swift */; };
		792454C427FFDBC0001B4308 /* ContentView.swift in Sources */ = {isa = PBXBuildFile; fileRef = 792454C327FFDBC0001B4308 /* ContentView.swift */; };
		792454C627FFDBC0001B4308 /* Assets.xcassets in Resources */ = {isa = PBXBuildFile; fileRef = 792454C527FFDBC0001B4308 /* Assets.xcassets */; };
		792454C927FFDBC0001B4308 /* Preview Assets.xcassets in Resources */ = {isa = PBXBuildFile; fileRef = 792454C827FFDBC0001B4308 /* Preview Assets.xcassets */; };
		792454D327FFDBC1001B4308 /* SwiftUITutorialTests.swift in Sources */ = {isa = PBXBuildFile; fileRef = 792454D227FFDBC1001B4308 /* SwiftUITutorialTests.swift */; };
		792454DD27FFDBC1001B4308 /* SwiftUITutorialUITests.swift in Sources */ = {isa = PBXBuildFile; fileRef = 792454DC27FFDBC1001B4308 /* SwiftUITutorialUITests.swift */; };
		792454DF27FFDBC1001B4308 /* SwiftUITutorialUITestsLaunchTests.swift in Sources */ = {isa = PBXBuildFile; fileRef = 792454DE27FFDBC1001B4308 /* SwiftUITutorialUITestsLaunchTests.swift */; };
		792454EC27FFE019001B4308 /* ImageView.swift in Sources */ = {isa = PBXBuildFile; fileRef = 792454EB27FFE019001B4308 /* ImageView.swift */; };
		794ABAAE2802C15200926AB2 /* ButtonView.swift in Sources */ = {isa = PBXBuildFile; fileRef = 794ABAAD2802C15200926AB2 /* ButtonView.swift */; };
		797214942802FD9A001DFEFE /* TextFieldView.swift in Sources */ = {isa = PBXBuildFile; fileRef = 797214932802FD9A001DFEFE /* TextFieldView.swift */; };
		7972149628030141001DFEFE /* StateBindingView.swift in Sources */ = {isa = PBXBuildFile; fileRef = 7972149528030141001DFEFE /* StateBindingView.swift */; };
		797214982803079C001DFEFE /* ToggleView.swift in Sources */ = {isa = PBXBuildFile; fileRef = 797214972803079C001DFEFE /* ToggleView.swift */; };
		7972149A28030B87001DFEFE /* PickerView.swift in Sources */ = {isa = PBXBuildFile; fileRef = 7972149928030B87001DFEFE /* PickerView.swift */; };
		7972149C28031107001DFEFE /* SpacerView.swift in Sources */ = {isa = PBXBuildFile; fileRef = 7972149B28031107001DFEFE /* SpacerView.swift */; };
		79913CDC2801E60C00AD89B4 /* StackView.swift in Sources */ = {isa = PBXBuildFile; fileRef = 79913CDB2801E60C00AD89B4 /* StackView.swift */; };
/* End PBXBuildFile section */

/* Begin PBXContainerItemProxy section */
		792454CF27FFDBC1001B4308 /* PBXContainerItemProxy */ = {
			isa = PBXContainerItemProxy;
			containerPortal = 792454B627FFDBC0001B4308 /* Project object */;
			proxyType = 1;
			remoteGlobalIDString = 792454BD27FFDBC0001B4308;
			remoteInfo = SwiftUITutorial;
		};
		792454D927FFDBC1001B4308 /* PBXContainerItemProxy */ = {
			isa = PBXContainerItemProxy;
			containerPortal = 792454B627FFDBC0001B4308 /* Project object */;
			proxyType = 1;
			remoteGlobalIDString = 792454BD27FFDBC0001B4308;
			remoteInfo = SwiftUITutorial;
		};
/* End PBXContainerItemProxy section */

/* Begin PBXFileReference section */
		792454BE27FFDBC0001B4308 /* SwiftUITutorial.app */ = {isa = PBXFileReference; explicitFileType = wrapper.application; includeInIndex = 0; path = SwiftUITutorial.app; sourceTree = BUILT_PRODUCTS_DIR; };
		792454C127FFDBC0001B4308 /* SwiftUITutorialApp.swift */ = {isa = PBXFileReference; lastKnownFileType = sourcecode.swift; path = SwiftUITutorialApp.swift; sourceTree = "<group>"; };
		792454C327FFDBC0001B4308 /* ContentView.swift */ = {isa = PBXFileReference; lastKnownFileType = sourcecode.swift; path = ContentView.swift; sourceTree = "<group>"; };
		792454C527FFDBC0001B4308 /* Assets.xcassets */ = {isa = PBXFileReference; lastKnownFileType = folder.assetcatalog; path = Assets.xcassets; sourceTree = "<group>"; };
		792454C827FFDBC0001B4308 /* Preview Assets.xcassets */ = {isa = PBXFileReference; lastKnownFileType = folder.assetcatalog; path = "Preview Assets.xcassets"; sourceTree = "<group>"; };
		792454CE27FFDBC1001B4308 /* SwiftUITutorialTests.xctest */ = {isa = PBXFileReference; explicitFileType = wrapper.cfbundle; includeInIndex = 0; path = SwiftUITutorialTests.xctest; sourceTree = BUILT_PRODUCTS_DIR; };
		792454D227FFDBC1001B4308 /* SwiftUITutorialTests.swift */ = {isa = PBXFileReference; lastKnownFileType = sourcecode.swift; path = SwiftUITutorialTests.swift; sourceTree = "<group>"; };
		792454D827FFDBC1001B4308 /* SwiftUITutorialUITests.xctest */ = {isa = PBXFileReference; explicitFileType = wrapper.cfbundle; includeInIndex = 0; path = SwiftUITutorialUITests.xctest; sourceTree = BUILT_PRODUCTS_DIR; };
		792454DC27FFDBC1001B4308 /* SwiftUITutorialUITests.swift */ = {isa = PBXFileReference; lastKnownFileType = sourcecode.swift; path = SwiftUITutorialUITests.swift; sourceTree = "<group>"; };
		792454DE27FFDBC1001B4308 /* SwiftUITutorialUITestsLaunchTests.swift */ = {isa = PBXFileReference; lastKnownFileType = sourcecode.swift; path = SwiftUITutorialUITestsLaunchTests.swift; sourceTree = "<group>"; };
		792454EB27FFE019001B4308 /* ImageView.swift */ = {isa = PBXFileReference; lastKnownFileType = sourcecode.swift; path = ImageView.swift; sourceTree = "<group>"; };
		794ABAAD2802C15200926AB2 /* ButtonView.swift */ = {isa = PBXFileReference; lastKnownFileType = sourcecode.swift; path = ButtonView.swift; sourceTree = "<group>"; };
		797214932802FD9A001DFEFE /* TextFieldView.swift */ = {isa = PBXFileReference; lastKnownFileType = sourcecode.swift; path = TextFieldView.swift; sourceTree = "<group>"; };
		7972149528030141001DFEFE /* StateBindingView.swift */ = {isa = PBXFileReference; lastKnownFileType = sourcecode.swift; path = StateBindingView.swift; sourceTree = "<group>"; };
		797214972803079C001DFEFE /* ToggleView.swift */ = {isa = PBXFileReference; lastKnownFileType = sourcecode.swift; path = ToggleView.swift; sourceTree = "<group>"; };
		7972149928030B87001DFEFE /* PickerView.swift */ = {isa = PBXFileReference; lastKnownFileType = sourcecode.swift; path = PickerView.swift; sourceTree = "<group>"; };
		7972149B28031107001DFEFE /* SpacerView.swift */ = {isa = PBXFileReference; lastKnownFileType = sourcecode.swift; path = SpacerView.swift; sourceTree = "<group>"; };
		79913CDB2801E60C00AD89B4 /* StackView.swift */ = {isa = PBXFileReference; lastKnownFileType = sourcecode.swift; path = StackView.swift; sourceTree = "<group>"; };
/* End PBXFileReference section */

/* Begin PBXFrameworksBuildPhase section */
		792454BB27FFDBC0001B4308 /* Frameworks */ = {
			isa = PBXFrameworksBuildPhase;
			buildActionMask = 2147483647;
			files = (
			);
			runOnlyForDeploymentPostprocessing = 0;
		};
		792454CB27FFDBC1001B4308 /* Frameworks */ = {
			isa = PBXFrameworksBuildPhase;
			buildActionMask = 2147483647;
			files = (
			);
			runOnlyForDeploymentPostprocessing = 0;
		};
		792454D527FFDBC1001B4308 /* Frameworks */ = {
			isa = PBXFrameworksBuildPhase;
			buildActionMask = 2147483647;
			files = (
			);
			runOnlyForDeploymentPostprocessing = 0;
		};
/* End PBXFrameworksBuildPhase section */

/* Begin PBXGroup section */
		792454B527FFDBC0001B4308 = {
			isa = PBXGroup;
			children = (
				792454C027FFDBC0001B4308 /* SwiftUITutorial */,
				792454D127FFDBC1001B4308 /* SwiftUITutorialTests */,
				792454DB27FFDBC1001B4308 /* SwiftUITutorialUITests */,
				792454BF27FFDBC0001B4308 /* Products */,
			);
			sourceTree = "<group>";
		};
		792454BF27FFDBC0001B4308 /* Products */ = {
			isa = PBXGroup;
			children = (
				792454BE27FFDBC0001B4308 /* SwiftUITutorial.app */,
				792454CE27FFDBC1001B4308 /* SwiftUITutorialTests.xctest */,
				792454D827FFDBC1001B4308 /* SwiftUITutorialUITests.xctest */,
			);
			name = Products;
			sourceTree = "<group>";
		};
		792454C027FFDBC0001B4308 /* SwiftUITutorial */ = {
			isa = PBXGroup;
			children = (
				792454C127FFDBC0001B4308 /* SwiftUITutorialApp.swift */,
				792454C327FFDBC0001B4308 /* ContentView.swift */,
				792454EB27FFE019001B4308 /* ImageView.swift */,
				794ABAAD2802C15200926AB2 /* ButtonView.swift */,
				797214932802FD9A001DFEFE /* TextFieldView.swift */,
				7972149528030141001DFEFE /* StateBindingView.swift */,
				797214972803079C001DFEFE /* ToggleView.swift */,
				7972149928030B87001DFEFE /* PickerView.swift */,
				7972149B28031107001DFEFE /* SpacerView.swift */,
				79913CDB2801E60C00AD89B4 /* StackView.swift */,
				792454C527FFDBC0001B4308 /* Assets.xcassets */,
				792454C727FFDBC0001B4308 /* Preview Content */,
			);
			path = SwiftUITutorial;
			sourceTree = "<group>";
		};
		792454C727FFDBC0001B4308 /* Preview Content */ = {
			isa = PBXGroup;
			children = (
				792454C827FFDBC0001B4308 /* Preview Assets.xcassets */,
			);
			path = "Preview Content";
			sourceTree = "<group>";
		};
		792454D127FFDBC1001B4308 /* SwiftUITutorialTests */ = {
			isa = PBXGroup;
			children = (
				792454D227FFDBC1001B4308 /* SwiftUITutorialTests.swift */,
			);
			path = SwiftUITutorialTests;
			sourceTree = "<group>";
		};
		792454DB27FFDBC1001B4308 /* SwiftUITutorialUITests */ = {
			isa = PBXGroup;
			children = (
				792454DC27FFDBC1001B4308 /* SwiftUITutorialUITests.swift */,
				792454DE27FFDBC1001B4308 /* SwiftUITutorialUITestsLaunchTests.swift */,
			);
			path = SwiftUITutorialUITests;
			sourceTree = "<group>";
		};
/* End PBXGroup section */

/* Begin PBXNativeTarget section */
		792454BD27FFDBC0001B4308 /* SwiftUITutorial */ = {
			isa = PBXNativeTarget;
			buildConfigurationList = 792454E227FFDBC1001B4308 /* Build configuration list for PBXNativeTarget "SwiftUITutorial" */;
			buildPhases = (
				792454BA27FFDBC0001B4308 /* Sources */,
				792454BB27FFDBC0001B4308 /* Frameworks */,
				792454BC27FFDBC0001B4308 /* Resources */,
			);
			buildRules = (
			);
			dependencies = (
			);
			name = SwiftUITutorial;
			productName = SwiftUITutorial;
			productReference = 792454BE27FFDBC0001B4308 /* SwiftUITutorial.app */;
			productType = "com.apple.product-type.application";
		};
		792454CD27FFDBC1001B4308 /* SwiftUITutorialTests */ = {
			isa = PBXNativeTarget;
			buildConfigurationList = 792454E527FFDBC1001B4308 /* Build configuration list for PBXNativeTarget "SwiftUITutorialTests" */;
			buildPhases = (
				792454CA27FFDBC1001B4308 /* Sources */,
				792454CB27FFDBC1001B4308 /* Frameworks */,
				792454CC27FFDBC1001B4308 /* Resources */,
			);
			buildRules = (
			);
			dependencies = (
				792454D027FFDBC1001B4308 /* PBXTargetDependency */,
			);
			name = SwiftUITutorialTests;
			productName = SwiftUITutorialTests;
			productReference = 792454CE27FFDBC1001B4308 /* SwiftUITutorialTests.xctest */;
			productType = "com.apple.product-type.bundle.unit-test";
		};
		792454D727FFDBC1001B4308 /* SwiftUITutorialUITests */ = {
			isa = PBXNativeTarget;
			buildConfigurationList = 792454E827FFDBC1001B4308 /* Build configuration list for PBXNativeTarget "SwiftUITutorialUITests" */;
			buildPhases = (
				792454D427FFDBC1001B4308 /* Sources */,
				792454D527FFDBC1001B4308 /* Frameworks */,
				792454D627FFDBC1001B4308 /* Resources */,
			);
			buildRules = (
			);
			dependencies = (
				792454DA27FFDBC1001B4308 /* PBXTargetDependency */,
			);
			name = SwiftUITutorialUITests;
			productName = SwiftUITutorialUITests;
			productReference = 792454D827FFDBC1001B4308 /* SwiftUITutorialUITests.xctest */;
			productType = "com.apple.product-type.bundle.ui-testing";
		};
/* End PBXNativeTarget section */

/* Begin PBXProject section */
		792454B627FFDBC0001B4308 /* Project object */ = {
			isa = PBXProject;
			attributes = {
				BuildIndependentTargetsInParallel = 1;
				LastSwiftUpdateCheck = 1330;
				LastUpgradeCheck = 1330;
				TargetAttributes = {
					792454BD27FFDBC0001B4308 = {
						CreatedOnToolsVersion = 13.3;
					};
					792454CD27FFDBC1001B4308 = {
						CreatedOnToolsVersion = 13.3;
						TestTargetID = 792454BD27FFDBC0001B4308;
					};
					792454D727FFDBC1001B4308 = {
						CreatedOnToolsVersion = 13.3;
						TestTargetID = 792454BD27FFDBC0001B4308;
					};
				};
			};
			buildConfigurationList = 792454B927FFDBC0001B4308 /* Build configuration list for PBXProject "SwiftUITutorial" */;
			compatibilityVersion = "Xcode 13.0";
			developmentRegion = en;
			hasScannedForEncodings = 0;
			knownRegions = (
				en,
				Base,
			);
			mainGroup = 792454B527FFDBC0001B4308;
			productRefGroup = 792454BF27FFDBC0001B4308 /* Products */;
			projectDirPath = "";
			projectRoot = "";
			targets = (
				792454BD27FFDBC0001B4308 /* SwiftUITutorial */,
				792454CD27FFDBC1001B4308 /* SwiftUITutorialTests */,
				792454D727FFDBC1001B4308 /* SwiftUITutorialUITests */,
			);
		};
/* End PBXProject section */

/* Begin PBXResourcesBuildPhase section */
		792454BC27FFDBC0001B4308 /* Resources */ = {
			isa = PBXResourcesBuildPhase;
			buildActionMask = 2147483647;
			files = (
				792454C927FFDBC0001B4308 /* Preview Assets.xcassets in Resources */,
				792454C627FFDBC0001B4308 /* Assets.xcassets in Resources */,
			);
			runOnlyForDeploymentPostprocessing = 0;
		};
		792454CC27FFDBC1001B4308 /* Resources */ = {
			isa = PBXResourcesBuildPhase;
			buildActionMask = 2147483647;
			files = (
			);
			runOnlyForDeploymentPostprocessing = 0;
		};
		792454D627FFDBC1001B4308 /* Resources */ = {
			isa = PBXResourcesBuildPhase;
			buildActionMask = 2147483647;
			files = (
			);
			runOnlyForDeploymentPostprocessing = 0;
		};
/* End PBXResourcesBuildPhase section */

/* Begin PBXSourcesBuildPhase section */
		792454BA27FFDBC0001B4308 /* Sources */ = {
			isa = PBXSourcesBuildPhase;
			buildActionMask = 2147483647;
			files = (
				797214982803079C001DFEFE /* ToggleView.swift in Sources */,
				792454EC27FFE019001B4308 /* ImageView.swift in Sources */,
				7972149A28030B87001DFEFE /* PickerView.swift in Sources */,
				7972149628030141001DFEFE /* StateBindingView.swift in Sources */,
				792454C427FFDBC0001B4308 /* ContentView.swift in Sources */,
				794ABAAE2802C15200926AB2 /* ButtonView.swift in Sources */,
				792454C227FFDBC0001B4308 /* SwiftUITutorialApp.swift in Sources */,
				797214942802FD9A001DFEFE /* TextFieldView.swift in Sources */,
				7972149C28031107001DFEFE /* SpacerView.swift in Sources */,
				79913CDC2801E60C00AD89B4 /* StackView.swift in Sources */,
			);
			runOnlyForDeploymentPostprocessing = 0;
		};
		792454CA27FFDBC1001B4308 /* Sources */ = {
			isa = PBXSourcesBuildPhase;
			buildActionMask = 2147483647;
			files = (
				792454D327FFDBC1001B4308 /* SwiftUITutorialTests.swift in Sources */,
			);
			runOnlyForDeploymentPostprocessing = 0;
		};
		792454D427FFDBC1001B4308 /* Sources */ = {
			isa = PBXSourcesBuildPhase;
			buildActionMask = 2147483647;
			files = (
				792454DF27FFDBC1001B4308 /* SwiftUITutorialUITestsLaunchTests.swift in Sources */,
				792454DD27FFDBC1001B4308 /* SwiftUITutorialUITests.swift in Sources */,
			);
			runOnlyForDeploymentPostprocessing = 0;
		};
/* End PBXSourcesBuildPhase section */

/* Begin PBXTargetDependency section */
		792454D027FFDBC1001B4308 /* PBXTargetDependency */ = {
			isa = PBXTargetDependency;
			target = 792454BD27FFDBC0001B4308 /* SwiftUITutorial */;
			targetProxy = 792454CF27FFDBC1001B4308 /* PBXContainerItemProxy */;
		};
		792454DA27FFDBC1001B4308 /* PBXTargetDependency */ = {
			isa = PBXTargetDependency;
			target = 792454BD27FFDBC0001B4308 /* SwiftUITutorial */;
			targetProxy = 792454D927FFDBC1001B4308 /* PBXContainerItemProxy */;
		};
/* End PBXTargetDependency section */

/* Begin XCBuildConfiguration section */
		792454E027FFDBC1001B4308 /* Debug */ = {
			isa = XCBuildConfiguration;
			buildSettings = {
				ALWAYS_SEARCH_USER_PATHS = NO;
				CLANG_ANALYZER_NONNULL = YES;
				CLANG_ANALYZER_NUMBER_OBJECT_CONVERSION = YES_AGGRESSIVE;
				CLANG_CXX_LANGUAGE_STANDARD = "gnu++17";
				CLANG_ENABLE_MODULES = YES;
				CLANG_ENABLE_OBJC_ARC = YES;
				CLANG_ENABLE_OBJC_WEAK = YES;
				CLANG_WARN_BLOCK_CAPTURE_AUTORELEASING = YES;
				CLANG_WARN_BOOL_CONVERSION = YES;
				CLANG_WARN_COMMA = YES;
				CLANG_WARN_CONSTANT_CONVERSION = YES;
				CLANG_WARN_DEPRECATED_OBJC_IMPLEMENTATIONS = YES;
				CLANG_WARN_DIRECT_OBJC_ISA_USAGE = YES_ERROR;
				CLANG_WARN_DOCUMENTATION_COMMENTS = YES;
				CLANG_WARN_EMPTY_BODY = YES;
				CLANG_WARN_ENUM_CONVERSION = YES;
				CLANG_WARN_INFINITE_RECURSION = YES;
				CLANG_WARN_INT_CONVERSION = YES;
				CLANG_WARN_NON_LITERAL_NULL_CONVERSION = YES;
				CLANG_WARN_OBJC_IMPLICIT_RETAIN_SELF = YES;
				CLANG_WARN_OBJC_LITERAL_CONVERSION = YES;
				CLANG_WARN_OBJC_ROOT_CLASS = YES_ERROR;
				CLANG_WARN_QUOTED_INCLUDE_IN_FRAMEWORK_HEADER = YES;
				CLANG_WARN_RANGE_LOOP_ANALYSIS = YES;
				CLANG_WARN_STRICT_PROTOTYPES = YES;
				CLANG_WARN_SUSPICIOUS_MOVE = YES;
				CLANG_WARN_UNGUARDED_AVAILABILITY = YES_AGGRESSIVE;
				CLANG_WARN_UNREACHABLE_CODE = YES;
				CLANG_WARN__DUPLICATE_METHOD_MATCH = YES;
				COPY_PHASE_STRIP = NO;
				DEBUG_INFORMATION_FORMAT = dwarf;
				ENABLE_STRICT_OBJC_MSGSEND = YES;
				ENABLE_TESTABILITY = YES;
				GCC_C_LANGUAGE_STANDARD = gnu11;
				GCC_DYNAMIC_NO_PIC = NO;
				GCC_NO_COMMON_BLOCKS = YES;
				GCC_OPTIMIZATION_LEVEL = 0;
				GCC_PREPROCESSOR_DEFINITIONS = (
					"DEBUG=1",
					"$(inherited)",
				);
				GCC_WARN_64_TO_32_BIT_CONVERSION = YES;
				GCC_WARN_ABOUT_RETURN_TYPE = YES_ERROR;
				GCC_WARN_UNDECLARED_SELECTOR = YES;
				GCC_WARN_UNINITIALIZED_AUTOS = YES_AGGRESSIVE;
				GCC_WARN_UNUSED_FUNCTION = YES;
				GCC_WARN_UNUSED_VARIABLE = YES;
				IPHONEOS_DEPLOYMENT_TARGET = 15.4;
				MTL_ENABLE_DEBUG_INFO = INCLUDE_SOURCE;
				MTL_FAST_MATH = YES;
				ONLY_ACTIVE_ARCH = YES;
				SDKROOT = iphoneos;
				SWIFT_ACTIVE_COMPILATION_CONDITIONS = DEBUG;
				SWIFT_OPTIMIZATION_LEVEL = "-Onone";
			};
			name = Debug;
		};
		792454E127FFDBC1001B4308 /* Release */ = {
			isa = XCBuildConfiguration;
			buildSettings = {
				ALWAYS_SEARCH_USER_PATHS = NO;
				CLANG_ANALYZER_NONNULL = YES;
				CLANG_ANALYZER_NUMBER_OBJECT_CONVERSION = YES_AGGRESSIVE;
				CLANG_CXX_LANGUAGE_STANDARD = "gnu++17";
				CLANG_ENABLE_MODULES = YES;
				CLANG_ENABLE_OBJC_ARC = YES;
				CLANG_ENABLE_OBJC_WEAK = YES;
				CLANG_WARN_BLOCK_CAPTURE_AUTORELEASING = YES;
				CLANG_WARN_BOOL_CONVERSION = YES;
				CLANG_WARN_COMMA = YES;
				CLANG_WARN_CONSTANT_CONVERSION = YES;
				CLANG_WARN_DEPRECATED_OBJC_IMPLEMENTATIONS = YES;
				CLANG_WARN_DIRECT_OBJC_ISA_USAGE = YES_ERROR;
				CLANG_WARN_DOCUMENTATION_COMMENTS = YES;
				CLANG_WARN_EMPTY_BODY = YES;
				CLANG_WARN_ENUM_CONVERSION = YES;
				CLANG_WARN_INFINITE_RECURSION = YES;
				CLANG_WARN_INT_CONVERSION = YES;
				CLANG_WARN_NON_LITERAL_NULL_CONVERSION = YES;
				CLANG_WARN_OBJC_IMPLICIT_RETAIN_SELF = YES;
				CLANG_WARN_OBJC_LITERAL_CONVERSION = YES;
				CLANG_WARN_OBJC_ROOT_CLASS = YES_ERROR;
				CLANG_WARN_QUOTED_INCLUDE_IN_FRAMEWORK_HEADER = YES;
				CLANG_WARN_RANGE_LOOP_ANALYSIS = YES;
				CLANG_WARN_STRICT_PROTOTYPES = YES;
				CLANG_WARN_SUSPICIOUS_MOVE = YES;
				CLANG_WARN_UNGUARDED_AVAILABILITY = YES_AGGRESSIVE;
				CLANG_WARN_UNREACHABLE_CODE = YES;
				CLANG_WARN__DUPLICATE_METHOD_MATCH = YES;
				COPY_PHASE_STRIP = NO;
				DEBUG_INFORMATION_FORMAT = "dwarf-with-dsym";
				ENABLE_NS_ASSERTIONS = NO;
				ENABLE_STRICT_OBJC_MSGSEND = YES;
				GCC_C_LANGUAGE_STANDARD = gnu11;
				GCC_NO_COMMON_BLOCKS = YES;
				GCC_WARN_64_TO_32_BIT_CONVERSION = YES;
				GCC_WARN_ABOUT_RETURN_TYPE = YES_ERROR;
				GCC_WARN_UNDECLARED_SELECTOR = YES;
				GCC_WARN_UNINITIALIZED_AUTOS = YES_AGGRESSIVE;
				GCC_WARN_UNUSED_FUNCTION = YES;
				GCC_WARN_UNUSED_VARIABLE = YES;
				IPHONEOS_DEPLOYMENT_TARGET = 15.4;
				MTL_ENABLE_DEBUG_INFO = NO;
				MTL_FAST_MATH = YES;
				SDKROOT = iphoneos;
				SWIFT_COMPILATION_MODE = wholemodule;
				SWIFT_OPTIMIZATION_LEVEL = "-O";
				VALIDATE_PRODUCT = YES;
			};
			name = Release;
		};
		792454E327FFDBC1001B4308 /* Debug */ = {
			isa = XCBuildConfiguration;
			buildSettings = {
				ASSETCATALOG_COMPILER_APPICON_NAME = AppIcon;
				ASSETCATALOG_COMPILER_GLOBAL_ACCENT_COLOR_NAME = AccentColor;
				CODE_SIGN_STYLE = Automatic;
				CURRENT_PROJECT_VERSION = 1;
				DEVELOPMENT_ASSET_PATHS = "\"SwiftUITutorial/Preview Content\"";
				DEVELOPMENT_TEAM = U5D4UR6AFR;
				ENABLE_PREVIEWS = YES;
				GENERATE_INFOPLIST_FILE = YES;
				INFOPLIST_KEY_UIApplicationSceneManifest_Generation = YES;
				INFOPLIST_KEY_UIApplicationSupportsIndirectInputEvents = YES;
				INFOPLIST_KEY_UILaunchScreen_Generation = YES;
				INFOPLIST_KEY_UISupportedInterfaceOrientations_iPad = "UIInterfaceOrientationPortrait UIInterfaceOrientationPortraitUpsideDown UIInterfaceOrientationLandscapeLeft UIInterfaceOrientationLandscapeRight";
				INFOPLIST_KEY_UISupportedInterfaceOrientations_iPhone = "UIInterfaceOrientationPortrait UIInterfaceOrientationLandscapeLeft UIInterfaceOrientationLandscapeRight";
				LD_RUNPATH_SEARCH_PATHS = (
					"$(inherited)",
					"@executable_path/Frameworks",
				);
				MARKETING_VERSION = 1.0;
				PRODUCT_BUNDLE_IDENTIFIER = developer.NICK.SwiftUITutorial;
				PRODUCT_NAME = "$(TARGET_NAME)";
				SWIFT_EMIT_LOC_STRINGS = YES;
				SWIFT_VERSION = 5.0;
				TARGETED_DEVICE_FAMILY = "1,2";
			};
			name = Debug;
		};
		792454E427FFDBC1001B4308 /* Release */ = {
			isa = XCBuildConfiguration;
			buildSettings = {
				ASSETCATALOG_COMPILER_APPICON_NAME = AppIcon;
				ASSETCATALOG_COMPILER_GLOBAL_ACCENT_COLOR_NAME = AccentColor;
				CODE_SIGN_STYLE = Automatic;
				CURRENT_PROJECT_VERSION = 1;
				DEVELOPMENT_ASSET_PATHS = "\"SwiftUITutorial/Preview Content\"";
				DEVELOPMENT_TEAM = U5D4UR6AFR;
				ENABLE_PREVIEWS = YES;
				GENERATE_INFOPLIST_FILE = YES;
				INFOPLIST_KEY_UIApplicationSceneManifest_Generation = YES;
				INFOPLIST_KEY_UIApplicationSupportsIndirectInputEvents = YES;
				INFOPLIST_KEY_UILaunchScreen_Generation = YES;
				INFOPLIST_KEY_UISupportedInterfaceOrientations_iPad = "UIInterfaceOrientationPortrait UIInterfaceOrientationPortraitUpsideDown UIInterfaceOrientationLandscapeLeft UIInterfaceOrientationLandscapeRight";
				INFOPLIST_KEY_UISupportedInterfaceOrientations_iPhone = "UIInterfaceOrientationPortrait UIInterfaceOrientationLandscapeLeft UIInterfaceOrientationLandscapeRight";
				LD_RUNPATH_SEARCH_PATHS = (
					"$(inherited)",
					"@executable_path/Frameworks",
				);
				MARKETING_VERSION = 1.0;
				PRODUCT_BUNDLE_IDENTIFIER = developer.NICK.SwiftUITutorial;
				PRODUCT_NAME = "$(TARGET_NAME)";
				SWIFT_EMIT_LOC_STRINGS = YES;
				SWIFT_VERSION = 5.0;
				TARGETED_DEVICE_FAMILY = "1,2";
			};
			name = Release;
		};
		792454E627FFDBC1001B4308 /* Debug */ = {
			isa = XCBuildConfiguration;
			buildSettings = {
				ALWAYS_EMBED_SWIFT_STANDARD_LIBRARIES = YES;
				BUNDLE_LOADER = "$(TEST_HOST)";
				CODE_SIGN_STYLE = Automatic;
				CURRENT_PROJECT_VERSION = 1;
				DEVELOPMENT_TEAM = U5D4UR6AFR;
				GENERATE_INFOPLIST_FILE = YES;
				IPHONEOS_DEPLOYMENT_TARGET = 15.4;
				MARKETING_VERSION = 1.0;
				PRODUCT_BUNDLE_IDENTIFIER = developer.NICK.SwiftUITutorialTests;
				PRODUCT_NAME = "$(TARGET_NAME)";
				SWIFT_EMIT_LOC_STRINGS = NO;
				SWIFT_VERSION = 5.0;
				TARGETED_DEVICE_FAMILY = "1,2";
				TEST_HOST = "$(BUILT_PRODUCTS_DIR)/SwiftUITutorial.app/SwiftUITutorial";
			};
			name = Debug;
		};
		792454E727FFDBC1001B4308 /* Release */ = {
			isa = XCBuildConfiguration;
			buildSettings = {
				ALWAYS_EMBED_SWIFT_STANDARD_LIBRARIES = YES;
				BUNDLE_LOADER = "$(TEST_HOST)";
				CODE_SIGN_STYLE = Automatic;
				CURRENT_PROJECT_VERSION = 1;
				DEVELOPMENT_TEAM = U5D4UR6AFR;
				GENERATE_INFOPLIST_FILE = YES;
				IPHONEOS_DEPLOYMENT_TARGET = 15.4;
				MARKETING_VERSION = 1.0;
				PRODUCT_BUNDLE_IDENTIFIER = developer.NICK.SwiftUITutorialTests;
				PRODUCT_NAME = "$(TARGET_NAME)";
				SWIFT_EMIT_LOC_STRINGS = NO;
				SWIFT_VERSION = 5.0;
				TARGETED_DEVICE_FAMILY = "1,2";
				TEST_HOST = "$(BUILT_PRODUCTS_DIR)/SwiftUITutorial.app/SwiftUITutorial";
			};
			name = Release;
		};
		792454E927FFDBC1001B4308 /* Debug */ = {
			isa = XCBuildConfiguration;
			buildSettings = {
				ALWAYS_EMBED_SWIFT_STANDARD_LIBRARIES = YES;
				CODE_SIGN_STYLE = Automatic;
				CURRENT_PROJECT_VERSION = 1;
				DEVELOPMENT_TEAM = U5D4UR6AFR;
				GENERATE_INFOPLIST_FILE = YES;
				MARKETING_VERSION = 1.0;
				PRODUCT_BUNDLE_IDENTIFIER = developer.NICK.SwiftUITutorialUITests;
				PRODUCT_NAME = "$(TARGET_NAME)";
				SWIFT_EMIT_LOC_STRINGS = NO;
				SWIFT_VERSION = 5.0;
				TARGETED_DEVICE_FAMILY = "1,2";
				TEST_TARGET_NAME = SwiftUITutorial;
			};
			name = Debug;
		};
		792454EA27FFDBC1001B4308 /* Release */ = {
			isa = XCBuildConfiguration;
			buildSettings = {
				ALWAYS_EMBED_SWIFT_STANDARD_LIBRARIES = YES;
				CODE_SIGN_STYLE = Automatic;
				CURRENT_PROJECT_VERSION = 1;
				DEVELOPMENT_TEAM = U5D4UR6AFR;
				GENERATE_INFOPLIST_FILE = YES;
				MARKETING_VERSION = 1.0;
				PRODUCT_BUNDLE_IDENTIFIER = developer.NICK.SwiftUITutorialUITests;
				PRODUCT_NAME = "$(TARGET_NAME)";
				SWIFT_EMIT_LOC_STRINGS = NO;
				SWIFT_VERSION = 5.0;
				TARGETED_DEVICE_FAMILY = "1,2";
				TEST_TARGET_NAME = SwiftUITutorial;
			};
			name = Release;
		};
/* End XCBuildConfiguration section */

/* Begin XCConfigurationList section */
		792454B927FFDBC0001B4308 /* Build configuration list for PBXProject "SwiftUITutorial" */ = {
			isa = XCConfigurationList;
			buildConfigurations = (
				792454E027FFDBC1001B4308 /* Debug */,
				792454E127FFDBC1001B4308 /* Release */,
			);
			defaultConfigurationIsVisible = 0;
			defaultConfigurationName = Release;
		};
		792454E227FFDBC1001B4308 /* Build configuration list for PBXNativeTarget "SwiftUITutorial" */ = {
			isa = XCConfigurationList;
			buildConfigurations = (
				792454E327FFDBC1001B4308 /* Debug */,
				792454E427FFDBC1001B4308 /* Release */,
			);
			defaultConfigurationIsVisible = 0;
			defaultConfigurationName = Release;
		};
		792454E527FFDBC1001B4308 /* Build configuration list for PBXNativeTarget "SwiftUITutorialTests" */ = {
			isa = XCConfigurationList;
			buildConfigurations = (
				792454E627FFDBC1001B4308 /* Debug */,
				792454E727FFDBC1001B4308 /* Release */,
			);
			defaultConfigurationIsVisible = 0;
			defaultConfigurationName = Release;
		};
		792454E827FFDBC1001B4308 /* Build configuration list for PBXNativeTarget "SwiftUITutorialUITests" */ = {
			isa = XCConfigurationList;
			buildConfigurations = (
				792454E927FFDBC1001B4308 /* Debug */,
				792454EA27FFDBC1001B4308 /* Release */,
			);
			defaultConfigurationIsVisible = 0;
			defaultConfigurationName = Release;
		};
/* End XCConfigurationList section */
	};
	rootObject = 792454B627FFDBC0001B4308 /* Project object */;
}
